
Microsoft Visual Studio Solution File, Format Version 12.00
# Visual Studio 15
VisualStudioVersion = 15.0.28307.136
MinimumVisualStudioVersion = 10.0.40219.1
Project("{FAE04EC0-301F-11D3-BF4B-00C04F79EFBC}") = "WpfApp1", "WpfApp1\WpfApp1.csproj", "{1B5EBD7B-D48C-498B-B7C8-1901E1D13BCB}"
EndProject
Global
	GlobalSection(SolutionConfigurationPlatforms) = preSolution
		Debug|Any CPU = Debug|Any CPU
		Release|Any CPU = Release|Any CPU
	EndGlobalSection
	GlobalSection(ProjectConfigurationPlatforms) = postSolution
		{1B5EBD7B-D48C-498B-B7C8-1901E1D13BCB}.Debug|Any CPU.ActiveCfg = Debug|Any CPU
		{1B5EBD7B-D48C-498B-B7C8-1901E1D13BCB}.Debug|Any CPU.Build.0 = Debug|Any CPU
		{1B5EBD7B-D48C-498B-B7C8-1901E1D13BCB}.Release|Any CPU.ActiveCfg = Release|Any CPU
		{1B5EBD7B-D48C-498B-B7C8-1901E1D13BCB}.Release|Any CPU.Build.0 = Release|Any CPU
	EndGlobalSection
	GlobalSection(SolutionProperties) = preSolution
		HideSolutionNode = FALSE
	EndGlobalSection
	GlobalSection(ExtensibilityGlobals) = postSolution
		SolutionGuid = {809EB72D-2451-4877-94DE-96D3777F5DE7}
	EndGlobalSection
EndGlobal
